{
    "_meta": {
        "hash": {
            "sha256": "a4fa688112ce5e703e226def5b87d92077f30387b1d11556c1f9d2ce4a3ca032"
        },
        "pipfile-spec": 6,
        "requires": {
            "python_version": "3.7"
        },
        "sources": [
            {
                "name": "pypi",
                "url": "https://pypi.org/simple",
                "verify_ssl": true
            }
        ]
    },
    "default": {
        "mistune": {
            "hashes": [
                "sha256:d7605b46b6156b53b7d52a465202b29a6f00f4ea4130ad5d25e9d5547d6b7e50",
                "sha256:e3964140c0775535fba50bd616fe180920044a64bc21850253267b07bff89924"
            ],
            "index": "pypi",
            "version": "==2.0.3"
        }
    },
    "develop": {}
}
